
Microsoft Visual Studio Solution File, Format Version 12.00
# Visual Studio Version 17
VisualStudioVersion = 17.14.36930.0 d17.14
MinimumVisualStudioVersion = 10.0.40219.1
Project("{FAE04EC0-301F-11D3-BF4B-00C04F79EFBC}") = "Git Workshop", "Git Workshop\Git Workshop.csproj", "{F205F779-38FD-49FE-8029-83C594A3808E}"
EndProject
Global
	GlobalSection(SolutionConfigurationPlatforms) = preSolution
		Debug|Any CPU = Debug|Any CPU
		Release|Any CPU = Release|Any CPU
	EndGlobalSection
	GlobalSection(ProjectConfigurationPlatforms) = postSolution
		{F205F779-38FD-49FE-8029-83C594A3808E}.Debug|Any CPU.ActiveCfg = Debug|Any CPU
		{F205F779-38FD-49FE-8029-83C594A3808E}.Debug|Any CPU.Build.0 = Debug|Any CPU
		{F205F779-38FD-49FE-8029-83C594A3808E}.Release|Any CPU.ActiveCfg = Release|Any CPU
		{F205F779-38FD-49FE-8029-83C594A3808E}.Release|Any CPU.Build.0 = Release|Any CPU
	EndGlobalSection
	GlobalSection(SolutionProperties) = preSolution
		HideSolutionNode = FALSE
	EndGlobalSection
	GlobalSection(ExtensibilityGlobals) = postSolution
		SolutionGuid = {75F1D92E-6D3D-4B1E-AE0C-D175C95F728F}
	EndGlobalSection
EndGlobal
